
Microsoft Visual Studio Solution File, Format Version 12.00
# Visual Studio Version 16
VisualStudioVersion = 16.0.31205.134
MinimumVisualStudioVersion = 10.0.40219.1
Project("{FAE04EC0-301F-11D3-BF4B-00C04F79EFBC}") = "WinFormsLesson2", "WinFormsLesson2\WinFormsLesson2.csproj", "{2BB6AB16-C089-4FA5-9302-9572B77A8273}"
EndProject
Project("{FAE04EC0-301F-11D3-BF4B-00C04F79EFBC}") = "Pract1", "Pract1\Pract1.csproj", "{2E1778E9-1BFB-410C-98AB-A9E3C0B5DABC}"
EndProject
Global
	GlobalSection(SolutionConfigurationPlatforms) = preSolution
		Debug|Any CPU = Debug|Any CPU
		Release|Any CPU = Release|Any CPU
	EndGlobalSection
	GlobalSection(ProjectConfigurationPlatforms) = postSolution
		{2BB6AB16-C089-4FA5-9302-9572B77A8273}.Debug|Any CPU.ActiveCfg = Debug|Any CPU
		{2BB6AB16-C089-4FA5-9302-9572B77A8273}.Debug|Any CPU.Build.0 = Debug|Any CPU
		{2BB6AB16-C089-4FA5-9302-9572B77A8273}.Release|Any CPU.ActiveCfg = Release|Any CPU
		{2BB6AB16-C089-4FA5-9302-9572B77A8273}.Release|Any CPU.Build.0 = Release|Any CPU
		{2E1778E9-1BFB-410C-98AB-A9E3C0B5DABC}.Debug|Any CPU.ActiveCfg = Debug|Any CPU
		{2E1778E9-1BFB-410C-98AB-A9E3C0B5DABC}.Debug|Any CPU.Build.0 = Debug|Any CPU
		{2E1778E9-1BFB-410C-98AB-A9E3C0B5DABC}.Release|Any CPU.ActiveCfg = Release|Any CPU
		{2E1778E9-1BFB-410C-98AB-A9E3C0B5DABC}.Release|Any CPU.Build.0 = Release|Any CPU
	EndGlobalSection
	GlobalSection(SolutionProperties) = preSolution
		HideSolutionNode = FALSE
	EndGlobalSection
	GlobalSection(ExtensibilityGlobals) = postSolution
		SolutionGuid = {DEF6AA7A-0A17-408F-A946-FC7675C7BB7B}
	EndGlobalSection
EndGlobal
